
Microsoft Visual Studio Solution File, Format Version 12.00
# Visual Studio 15
VisualStudioVersion = 15.0.27130.2010
MinimumVisualStudioVersion = 10.0.40219.1
Project("{FAE04EC0-301F-11D3-BF4B-00C04F79EFBC}") = "Integratie.Domain", "Integratie.Domain\Integratie.Domain.csproj", "{DF80B85D-60DE-4B74-9666-352754077BE6}"
EndProject
Project("{FAE04EC0-301F-11D3-BF4B-00C04F79EFBC}") = "Integratie.DAL", "Integratie.DAL\Integratie.DAL.csproj", "{9C8D0A22-C1F8-46B6-806F-A86C648C12E9}"
EndProject
Project("{FAE04EC0-301F-11D3-BF4B-00C04F79EFBC}") = "Integratie.UI.Con", "Integratie.UI.Con\Integratie.UI.Con.csproj", "{4A974C90-271F-4164-ABF0-43472783A411}"
EndProject
Project("{FAE04EC0-301F-11D3-BF4B-00C04F79EFBC}") = "Integratie.BL", "Integratie.BL\Integratie.BL.csproj", "{3FD01405-B1DA-4438-B187-4847DBE9CD0F}"
EndProject
Project("{FAE04EC0-301F-11D3-BF4B-00C04F79EFBC}") = "Integratie.MVC", "Integratie.MVC\Integratie.MVC.csproj", "{117CB7A6-E960-42B2-B7BB-3804EFD77F5E}"
EndProject
Project("{FAE04EC0-301F-11D3-BF4B-00C04F79EFBC}") = "Integratie.MVC.Test", "Integratie.MVC.Test\Integratie.MVC.Test.csproj", "{ED9B0EBA-07A1-48E1-AD70-0473A3F2C367}"
EndProject
Global
	GlobalSection(SolutionConfigurationPlatforms) = preSolution
		Debug|Any CPU = Debug|Any CPU
		Release|Any CPU = Release|Any CPU
	EndGlobalSection
	GlobalSection(ProjectConfigurationPlatforms) = postSolution
		{DF80B85D-60DE-4B74-9666-352754077BE6}.Debug|Any CPU.ActiveCfg = Debug|Any CPU
		{DF80B85D-60DE-4B74-9666-352754077BE6}.Debug|Any CPU.Build.0 = Debug|Any CPU
		{DF80B85D-60DE-4B74-9666-352754077BE6}.Release|Any CPU.ActiveCfg = Release|Any CPU
		{DF80B85D-60DE-4B74-9666-352754077BE6}.Release|Any CPU.Build.0 = Release|Any CPU
		{9C8D0A22-C1F8-46B6-806F-A86C648C12E9}.Debug|Any CPU.ActiveCfg = Debug|Any CPU
		{9C8D0A22-C1F8-46B6-806F-A86C648C12E9}.Debug|Any CPU.Build.0 = Debug|Any CPU
		{9C8D0A22-C1F8-46B6-806F-A86C648C12E9}.Release|Any CPU.ActiveCfg = Release|Any CPU
		{9C8D0A22-C1F8-46B6-806F-A86C648C12E9}.Release|Any CPU.Build.0 = Release|Any CPU
		{4A974C90-271F-4164-ABF0-43472783A411}.Debug|Any CPU.ActiveCfg = Debug|Any CPU
		{4A974C90-271F-4164-ABF0-43472783A411}.Debug|Any CPU.Build.0 = Debug|Any CPU
		{4A974C90-271F-4164-ABF0-43472783A411}.Release|Any CPU.ActiveCfg = Release|Any CPU
		{4A974C90-271F-4164-ABF0-43472783A411}.Release|Any CPU.Build.0 = Release|Any CPU
		{3FD01405-B1DA-4438-B187-4847DBE9CD0F}.Debug|Any CPU.ActiveCfg = Debug|Any CPU
		{3FD01405-B1DA-4438-B187-4847DBE9CD0F}.Debug|Any CPU.Build.0 = Debug|Any CPU
		{3FD01405-B1DA-4438-B187-4847DBE9CD0F}.Release|Any CPU.ActiveCfg = Release|Any CPU
		{3FD01405-B1DA-4438-B187-4847DBE9CD0F}.Release|Any CPU.Build.0 = Release|Any CPU
		{117CB7A6-E960-42B2-B7BB-3804EFD77F5E}.Debug|Any CPU.ActiveCfg = Debug|Any CPU
		{117CB7A6-E960-42B2-B7BB-3804EFD77F5E}.Debug|Any CPU.Build.0 = Debug|Any CPU
		{117CB7A6-E960-42B2-B7BB-3804EFD77F5E}.Release|Any CPU.ActiveCfg = Release|Any CPU
		{117CB7A6-E960-42B2-B7BB-3804EFD77F5E}.Release|Any CPU.Build.0 = Release|Any CPU
		{ED9B0EBA-07A1-48E1-AD70-0473A3F2C367}.Debug|Any CPU.ActiveCfg = Debug|Any CPU
		{ED9B0EBA-07A1-48E1-AD70-0473A3F2C367}.Release|Any CPU.ActiveCfg = Release|Any CPU
		{ED9B0EBA-07A1-48E1-AD70-0473A3F2C367}.Release|Any CPU.Build.0 = Release|Any CPU
	EndGlobalSection
	GlobalSection(SolutionProperties) = preSolution
		HideSolutionNode = FALSE
	EndGlobalSection
	GlobalSection(ExtensibilityGlobals) = postSolution
		SolutionGuid = {2D06B0B2-918D-42E4-87D2-F45F94E48F7F}
	EndGlobalSection
	GlobalSection(Performance) = preSolution
		HasPerformanceSessions = true
	EndGlobalSection
	GlobalSection(Performance) = preSolution
		HasPerformanceSessions = true
	EndGlobalSection
EndGlobal
